
Microsoft Visual Studio Solution File, Format Version 12.00
# Visual Studio Version 16
VisualStudioVersion = 16.0.31112.23
MinimumVisualStudioVersion = 10.0.40219.1
Project("{9A19103F-16F7-4668-BE54-9A1E7A4F7556}") = "WebShop", "WebShop\WebShop.csproj", "{E9AEE017-12C6-42E1-9F34-8C9B47FCA01E}"
EndProject
Project("{FAE04EC0-301F-11D3-BF4B-00C04F79EFBC}") = "WebShop.Domain", "WebShop.Domain\WebShop.Domain.csproj", "{3E05B9E7-DF9E-4951-BCA4-C021E879CA4F}"
EndProject
Global
	GlobalSection(SolutionConfigurationPlatforms) = preSolution
		Debug|Any CPU = Debug|Any CPU
		Release|Any CPU = Release|Any CPU
	EndGlobalSection
	GlobalSection(ProjectConfigurationPlatforms) = postSolution
		{E9AEE017-12C6-42E1-9F34-8C9B47FCA01E}.Debug|Any CPU.ActiveCfg = Debug|Any CPU
		{E9AEE017-12C6-42E1-9F34-8C9B47FCA01E}.Debug|Any CPU.Build.0 = Debug|Any CPU
		{E9AEE017-12C6-42E1-9F34-8C9B47FCA01E}.Release|Any CPU.ActiveCfg = Release|Any CPU
		{E9AEE017-12C6-42E1-9F34-8C9B47FCA01E}.Release|Any CPU.Build.0 = Release|Any CPU
		{3E05B9E7-DF9E-4951-BCA4-C021E879CA4F}.Debug|Any CPU.ActiveCfg = Debug|Any CPU
		{3E05B9E7-DF9E-4951-BCA4-C021E879CA4F}.Debug|Any CPU.Build.0 = Debug|Any CPU
		{3E05B9E7-DF9E-4951-BCA4-C021E879CA4F}.Release|Any CPU.ActiveCfg = Release|Any CPU
		{3E05B9E7-DF9E-4951-BCA4-C021E879CA4F}.Release|Any CPU.Build.0 = Release|Any CPU
	EndGlobalSection
	GlobalSection(SolutionProperties) = preSolution
		HideSolutionNode = FALSE
	EndGlobalSection
	GlobalSection(ExtensibilityGlobals) = postSolution
		SolutionGuid = {02D9F02E-307C-4C9C-8AE6-64E75FC0F30D}
	EndGlobalSection
EndGlobal
